
Microsoft Visual Studio Solution File, Format Version 12.00
# Visual Studio Version 17
VisualStudioVersion = 17.14.36915.13 d17.14
MinimumVisualStudioVersion = 10.0.40219.1
Project("{FAE04EC0-301F-11D3-BF4B-00C04F79EFBC}") = "RequestAADRefreshToken2", "RequestAADRefreshToken2\RequestAADRefreshToken2.csproj", "{CA80BBE4-638A-41C9-8EDD-20477513011F}"
EndProject
Global
	GlobalSection(SolutionConfigurationPlatforms) = preSolution
		Debug|Any CPU = Debug|Any CPU
		Release|Any CPU = Release|Any CPU
	EndGlobalSection
	GlobalSection(ProjectConfigurationPlatforms) = postSolution
		{CA80BBE4-638A-41C9-8EDD-20477513011F}.Debug|Any CPU.ActiveCfg = Debug|Any CPU
		{CA80BBE4-638A-41C9-8EDD-20477513011F}.Debug|Any CPU.Build.0 = Debug|Any CPU
		{CA80BBE4-638A-41C9-8EDD-20477513011F}.Release|Any CPU.ActiveCfg = Release|Any CPU
		{CA80BBE4-638A-41C9-8EDD-20477513011F}.Release|Any CPU.Build.0 = Release|Any CPU
	EndGlobalSection
	GlobalSection(SolutionProperties) = preSolution
		HideSolutionNode = FALSE
	EndGlobalSection
	GlobalSection(ExtensibilityGlobals) = postSolution
		SolutionGuid = {AE728969-2EF7-4D77-AE51-EE3BDDC0ED13}
	EndGlobalSection
EndGlobal
